# This file is @generated by PDM.
# It is not intended for manual editing.

[metadata]
groups = ["default"]
strategy = ["inherit_metadata"]
lock_version = "4.5.0"
content_hash = "sha256:939d95ea7a59425e3d742ac63820dc792cb95146d5e9e794a5ab881cc1852058"

[[metadata.targets]]
requires_python = "==3.11.*"

[[package]]
name = "argparse"
version = "1.4.0"
summary = "Python command-line parsing library"
groups = ["default"]
files = [
    {file = "argparse-1.4.0-py2.py3-none-any.whl", hash = "sha256:c31647edb69fd3d465a847ea3157d37bed1f95f19760b11a47aa91c04b666314"},
    {file = "argparse-1.4.0.tar.gz", hash = "sha256:62b089a55be1d8949cd2bc7e0df0bddb9e028faefc8c32038cc84862aefdd6e4"},
]

[[package]]
name = "black"
version = "25.1.0"
requires_python = ">=3.9"
summary = "The uncompromising code formatter."
groups = ["default"]
dependencies = [
    "click>=8.0.0",
    "mypy-extensions>=0.4.3",
    "packaging>=22.0",
    "pathspec>=0.9.0",
    "platformdirs>=2",
    "tomli>=1.1.0; python_version < \"3.11\"",
    "typing-extensions>=4.0.1; python_version < \"3.11\"",
]
files = [
    {file = "black-25.1.0-cp311-cp311-macosx_10_9_x86_64.whl", hash = "sha256:a39337598244de4bae26475f77dda852ea00a93bd4c728e09eacd827ec929df0"},
    {file = "black-25.1.0-cp311-cp311-macosx_11_0_arm64.whl", hash = "sha256:96c1c7cd856bba8e20094e36e0f948718dc688dba4a9d78c3adde52b9e6c2299"},
    {file = "black-25.1.0-cp311-cp311-manylinux_2_17_x86_64.manylinux2014_x86_64.manylinux_2_28_x86_64.whl", hash = "sha256:bce2e264d59c91e52d8000d507eb20a9aca4a778731a08cfff7e5ac4a4bb7096"},
    {file = "black-25.1.0-cp311-cp311-win_amd64.whl", hash = "sha256:172b1dbff09f86ce6f4eb8edf9dede08b1fce58ba194c87d7a4f1a5aa2f5b3c2"},
    {file = "black-25.1.0-py3-none-any.whl", hash = "sha256:95e8176dae143ba9097f351d174fdaf0ccd29efb414b362ae3fd72bf0f710717"},
    {file = "black-25.1.0.tar.gz", hash = "sha256:33496d5cd1222ad73391352b4ae8da15253c5de89b93a80b3e2c8d9a19ec2666"},
]

[[package]]
name = "blinker"
version = "1.9.0"
requires_python = ">=3.9"
summary = "Fast, simple object-to-object and broadcast signaling"
groups = ["default"]
files = [
    {file = "blinker-1.9.0-py3-none-any.whl", hash = "sha256:ba0efaa9080b619ff2f3459d1d500c57bddea4a6b424b60a91141db6fd2f08bc"},
    {file = "blinker-1.9.0.tar.gz", hash = "sha256:b4ce2265a7abece45e7cc896e98dbebe6cead56bcf805a3d23136d145f5445bf"},
]

[[package]]
name = "certifi"
version = "2025.8.3"
requires_python = ">=3.7"
summary = "Python package for providing Mozilla's CA Bundle."
groups = ["default"]
files = [
    {file = "certifi-2025.8.3-py3-none-any.whl", hash = "sha256:f6c12493cfb1b06ba2ff328595af9350c65d6644968e5d3a2ffd78699af217a5"},
    {file = "certifi-2025.8.3.tar.gz", hash = "sha256:e564105f78ded564e3ae7c923924435e1daa7463faeab5bb932bc53ffae63407"},
]

[[package]]
name = "cffi"
version = "2.0.0"
requires_python = ">=3.9"
summary = "Foreign Function Interface for Python calling C code."
groups = ["default"]
marker = "platform_python_implementation == \"CPython\" and sys_platform == \"win32\" or python_full_version >= \"3.9\" and platform_python_implementation != \"PyPy\""
dependencies = [
    "pycparser; implementation_name != \"PyPy\"",
]
files = [
    {file = "cffi-2.0.0-cp311-cp311-macosx_10_13_x86_64.whl", hash = "sha256:b4c854ef3adc177950a8dfc81a86f5115d2abd545751a304c5bcf2c2c7283cfe"},
    {file = "cffi-2.0.0-cp311-cp311-macosx_11_0_arm64.whl", hash = "sha256:2de9a304e27f7596cd03d16f1b7c72219bd944e99cc52b84d0145aefb07cbd3c"},
    {file = "cffi-2.0.0-cp311-cp311-manylinux1_i686.manylinux2014_i686.manylinux_2_17_i686.manylinux_2_5_i686.whl", hash = "sha256:baf5215e0ab74c16e2dd324e8ec067ef59e41125d3eade2b863d294fd5035c92"},
    {file = "cffi-2.0.0-cp311-cp311-manylinux2014_aarch64.manylinux_2_17_aarch64.whl", hash = "sha256:730cacb21e1bdff3ce90babf007d0a0917cc3e6492f336c2f0134101e0944f93"},
    {file = "cffi-2.0.0-cp311-cp311-manylinux2014_ppc64le.manylinux_2_17_ppc64le.whl", hash = "sha256:6824f87845e3396029f3820c206e459ccc91760e8fa24422f8b0c3d1731cbec5"},
    {file = "cffi-2.0.0-cp311-cp311-manylinux2014_s390x.manylinux_2_17_s390x.whl", hash = "sha256:9de40a7b0323d889cf8d23d1ef214f565ab154443c42737dfe52ff82cf857664"},
    {file = "cffi-2.0.0-cp311-cp311-manylinux2014_x86_64.manylinux_2_17_x86_64.whl", hash = "sha256:8941aaadaf67246224cee8c3803777eed332a19d909b47e29c9842ef1e79ac26"},
    {file = "cffi-2.0.0-cp311-cp311-musllinux_1_2_aarch64.whl", hash = "sha256:a05d0c237b3349096d3981b727493e22147f934b20f6f125a3eba8f994bec4a9"},
    {file = "cffi-2.0.0-cp311-cp311-musllinux_1_2_i686.whl", hash = "sha256:94698a9c5f91f9d138526b48fe26a199609544591f859c870d477351dc7b2414"},
    {file = "cffi-2.0.0-cp311-cp311-musllinux_1_2_x86_64.whl", hash = "sha256:5fed36fccc0612a53f1d4d9a816b50a36702c28a2aa880cb8a122b3466638743"},
    {file = "cffi-2.0.0-cp311-cp311-win32.whl", hash = "sha256:c649e3a33450ec82378822b3dad03cc228b8f5963c0c12fc3b1e0ab940f768a5"},
    {file = "cffi-2.0.0-cp311-cp311-win_amd64.whl", hash = "sha256:66f011380d0e49ed280c789fbd08ff0d40968ee7b665575489afa95c98196ab5"},
    {file = "cffi-2.0.0-cp311-cp311-win_arm64.whl", hash = "sha256:c6638687455baf640e37344fe26d37c404db8b80d037c3d29f58fe8d1c3b194d"},
    {file = "cffi-2.0.0.tar.gz", hash = "sha256:44d1b5909021139fe36001ae048dbdde8214afa20200eda0f64c068cac5d5529"},
]

[[package]]
name = "charset-normalizer"
version = "3.4.3"
requires_python = ">=3.7"
summary = "The Real First Universal Charset Detector. Open, modern and actively maintained alternative to Chardet."
groups = ["default"]
files = [
    {file = "charset_normalizer-3.4.3-cp311-cp311-macosx_10_9_universal2.whl", hash = "sha256:b256ee2e749283ef3ddcff51a675ff43798d92d746d1a6e4631bf8c707d22d0b"},
    {file = "charset_normalizer-3.4.3-cp311-cp311-manylinux2014_aarch64.manylinux_2_17_aarch64.manylinux_2_28_aarch64.whl", hash = "sha256:13faeacfe61784e2559e690fc53fa4c5ae97c6fcedb8eb6fb8d0a15b475d2c64"},
    {file = "charset_normalizer-3.4.3-cp311-cp311-manylinux2014_ppc64le.manylinux_2_17_ppc64le.manylinux_2_28_ppc64le.whl", hash = "sha256:00237675befef519d9af72169d8604a067d92755e84fe76492fef5441db05b91"},
    {file = "charset_normalizer-3.4.3-cp311-cp311-manylinux2014_s390x.manylinux_2_17_s390x.manylinux_2_28_s390x.whl", hash = "sha256:585f3b2a80fbd26b048a0be90c5aae8f06605d3c92615911c3a2b03a8a3b796f"},
    {file = "charset_normalizer-3.4.3-cp311-cp311-manylinux2014_x86_64.manylinux_2_17_x86_64.manylinux_2_28_x86_64.whl", hash = "sha256:0e78314bdc32fa80696f72fa16dc61168fda4d6a0c014e0380f9d02f0e5d8a07"},
    {file = "charset_normalizer-3.4.3-cp311-cp311-musllinux_1_2_aarch64.whl", hash = "sha256:96b2b3d1a83ad55310de8c7b4a2d04d9277d5591f40761274856635acc5fcb30"},
    {file = "charset_normalizer-3.4.3-cp311-cp311-musllinux_1_2_ppc64le.whl", hash = "sha256:939578d9d8fd4299220161fdd76e86c6a251987476f5243e8864a7844476ba14"},
    {file = "charset_normalizer-3.4.3-cp311-cp311-musllinux_1_2_s390x.whl", hash = "sha256:fd10de089bcdcd1be95a2f73dbe6254798ec1bda9f450d5828c96f93e2536b9c"},
    {file = "charset_normalizer-3.4.3-cp311-cp311-musllinux_1_2_x86_64.whl", hash = "sha256:1e8ac75d72fa3775e0b7cb7e4629cec13b7514d928d15ef8ea06bca03ef01cae"},
    {file = "charset_normalizer-3.4.3-cp311-cp311-win32.whl", hash = "sha256:6cf8fd4c04756b6b60146d98cd8a77d0cdae0e1ca20329da2ac85eed779b6849"},
    {file = "charset_normalizer-3.4.3-cp311-cp311-win_amd64.whl", hash = "sha256:31a9a6f775f9bcd865d88ee350f0ffb0e25936a7f930ca98995c05abf1faf21c"},
    {file = "charset_normalizer-3.4.3-py3-none-any.whl", hash = "sha256:ce571ab16d890d23b5c278547ba694193a45011ff86a9162a71307ed9f86759a"},
    {file = "charset_normalizer-3.4.3.tar.gz", hash = "sha256:6fce4b8500244f6fcb71465d4a4930d132ba9ab8e71a7859e6a5d59851068d14"},
]

[[package]]
name = "click"
version = "8.1.8"
requires_python = ">=3.7"
summary = "Composable command line interface toolkit"
groups = ["default"]
dependencies = [
    "colorama; platform_system == \"Windows\"",
    "importlib-metadata; python_version < \"3.8\"",
]
files = [
    {file = "click-8.1.8-py3-none-any.whl", hash = "sha256:63c132bbbed01578a06712a2d1f497bb62d9c1c0d329b7903a866228027263b2"},
    {file = "click-8.1.8.tar.gz", hash = "sha256:ed53c9d8990d83c2a27deae68e4ee337473f6330c040a31d4225c9574d16096a"},
]

[[package]]
name = "colorama"
version = "0.4.6"
requires_python = "!=3.0.*,!=3.1.*,!=3.2.*,!=3.3.*,!=3.4.*,!=3.5.*,!=3.6.*,>=2.7"
summary = "Cross-platform colored terminal text."
groups = ["default"]
marker = "platform_system == \"Windows\""
files = [
    {file = "colorama-0.4.6-py2.py3-none-any.whl", hash = "sha256:4f1d9991f5acc0ca119f9d443620b77f9d6b33703e51011c16baf57afb285fc6"},
    {file = "colorama-0.4.6.tar.gz", hash = "sha256:08695f5cb7ed6e0531a20572697297273c47b8cae5a63ffc6d6ed5c201be6e44"},
]

[[package]]
name = "cryptography"
version = "46.0.1"
requires_python = "!=3.9.0,!=3.9.1,>=3.8"
summary = "cryptography is a package which provides cryptographic recipes and primitives to Python developers."
groups = ["default"]
dependencies = [
    "cffi>=1.14; python_full_version == \"3.8.*\" and platform_python_implementation != \"PyPy\"",
    "cffi>=2.0.0; python_full_version >= \"3.9\" and platform_python_implementation != \"PyPy\"",
    "typing-extensions>=4.13.2; python_full_version < \"3.11\"",
]
files = [
    {file = "cryptography-46.0.1-cp311-abi3-macosx_10_9_universal2.whl", hash = "sha256:1cd6d50c1a8b79af1a6f703709d8973845f677c8e97b1268f5ff323d38ce8475"},
    {file = "cryptography-46.0.1-cp311-abi3-manylinux2014_aarch64.manylinux_2_17_aarch64.whl", hash = "sha256:0ff483716be32690c14636e54a1f6e2e1b7bf8e22ca50b989f88fa1b2d287080"},
    {file = "cryptography-46.0.1-cp311-abi3-manylinux2014_x86_64.manylinux_2_17_x86_64.whl", hash = "sha256:9873bf7c1f2a6330bdfe8621e7ce64b725784f9f0c3a6a55c3047af5849f920e"},
    {file = "cryptography-46.0.1-cp311-abi3-manylinux_2_28_aarch64.whl", hash = "sha256:0dfb7c88d4462a0cfdd0d87a3c245a7bc3feb59de101f6ff88194f740f72eda6"},
    {file = "cryptography-46.0.1-cp311-abi3-manylinux_2_28_armv7l.manylinux_2_31_armv7l.whl", hash = "sha256:e22801b61613ebdebf7deb18b507919e107547a1d39a3b57f5f855032dd7cfb8"},
    {file = "cryptography-46.0.1-cp311-abi3-manylinux_2_28_ppc64le.whl", hash = "sha256:757af4f6341ce7a1e47c326ca2a81f41d236070217e5fbbad61bbfe299d55d28"},
    {file = "cryptography-46.0.1-cp311-abi3-manylinux_2_28_x86_64.whl", hash = "sha256:f7a24ea78de345cfa7f6a8d3bde8b242c7fac27f2bd78fa23474ca38dfaeeab9"},
    {file = "cryptography-46.0.1-cp311-abi3-manylinux_2_34_aarch64.whl", hash = "sha256:9e8776dac9e660c22241b6587fae51a67b4b0147daa4d176b172c3ff768ad736"},
    {file = "cryptography-46.0.1-cp311-abi3-manylinux_2_34_ppc64le.whl", hash = "sha256:9f40642a140c0c8649987027867242b801486865277cbabc8c6059ddef16dc8b"},
    {file = "cryptography-46.0.1-cp311-abi3-manylinux_2_34_x86_64.whl", hash = "sha256:449ef2b321bec7d97ef2c944173275ebdab78f3abdd005400cc409e27cd159ab"},
    {file = "cryptography-46.0.1-cp311-abi3-musllinux_1_2_aarch64.whl", hash = "sha256:2dd339ba3345b908fa3141ddba4025568fa6fd398eabce3ef72a29ac2d73ad75"},
    {file = "cryptography-46.0.1-cp311-abi3-musllinux_1_2_x86_64.whl", hash = "sha256:7411c910fb2a412053cf33cfad0153ee20d27e256c6c3f14d7d7d1d9fec59fd5"},
    {file = "cryptography-46.0.1-cp311-abi3-win32.whl", hash = "sha256:cbb8e769d4cac884bb28e3ff620ef1001b75588a5c83c9c9f1fdc9afbe7f29b0"},
    {file = "cryptography-46.0.1-cp311-abi3-win_amd64.whl", hash = "sha256:92e8cfe8bd7dd86eac0a677499894862cd5cc2fd74de917daa881d00871ac8e7"},
    {file = "cryptography-46.0.1-cp311-abi3-win_arm64.whl", hash = "sha256:db5597a4c7353b2e5fb05a8e6cb74b56a4658a2b7bf3cb6b1821ae7e7fd6eaa0"},
    {file = "cryptography-46.0.1-cp38-abi3-macosx_10_9_universal2.whl", hash = "sha256:d84c40bdb8674c29fa192373498b6cb1e84f882889d21a471b45d1f868d8d44b"},
    {file = "cryptography-46.0.1-cp38-abi3-manylinux2014_aarch64.manylinux_2_17_aarch64.whl", hash = "sha256:9ed64e5083fa806709e74fc5ea067dfef9090e5b7a2320a49be3c9df3583a2d8"},
    {file = "cryptography-46.0.1-cp38-abi3-manylinux2014_x86_64.manylinux_2_17_x86_64.whl", hash = "sha256:341fb7a26bc9d6093c1b124b9f13acc283d2d51da440b98b55ab3f79f2522ead"},
    {file = "cryptography-46.0.1-cp38-abi3-manylinux_2_28_aarch64.whl", hash = "sha256:6ef1488967e729948d424d09c94753d0167ce59afba8d0f6c07a22b629c557b2"},
    {file = "cryptography-46.0.1-cp38-abi3-manylinux_2_28_armv7l.manylinux_2_31_armv7l.whl", hash = "sha256:7823bc7cdf0b747ecfb096d004cc41573c2f5c7e3a29861603a2871b43d3ef32"},
    {file = "cryptography-46.0.1-cp38-abi3-manylinux_2_28_ppc64le.whl", hash = "sha256:f736ab8036796f5a119ff8211deda416f8c15ce03776db704a7a4e17381cb2ef"},
    {file = "cryptography-46.0.1-cp38-abi3-manylinux_2_28_x86_64.whl", hash = "sha256:e46710a240a41d594953012213ea8ca398cd2448fbc5d0f1be8160b5511104a0"},
    {file = "cryptography-46.0.1-cp38-abi3-manylinux_2_34_aarch64.whl", hash = "sha256:84ef1f145de5aee82ea2447224dc23f065ff4cc5791bb3b506615957a6ba8128"},
    {file = "cryptography-46.0.1-cp38-abi3-manylinux_2_34_ppc64le.whl", hash = "sha256:9394c7d5a7565ac5f7d9ba38b2617448eba384d7b107b262d63890079fad77ca"},
    {file = "cryptography-46.0.1-cp38-abi3-manylinux_2_34_x86_64.whl", hash = "sha256:ed957044e368ed295257ae3d212b95456bd9756df490e1ac4538857f67531fcc"},
    {file = "cryptography-46.0.1-cp38-abi3-musllinux_1_2_aarch64.whl", hash = "sha256:f7de12fa0eee6234de9a9ce0ffcfa6ce97361db7a50b09b65c63ac58e5f22fc7"},
    {file = "cryptography-46.0.1-cp38-abi3-musllinux_1_2_x86_64.whl", hash = "sha256:7fab1187b6c6b2f11a326f33b036f7168f5b996aedd0c059f9738915e4e8f53a"},
    {file = "cryptography-46.0.1-cp38-abi3-win32.whl", hash = "sha256:45f790934ac1018adeba46a0f7289b2b8fe76ba774a88c7f1922213a56c98bc1"},
    {file = "cryptography-46.0.1-cp38-abi3-win_amd64.whl", hash = "sha256:7176a5ab56fac98d706921f6416a05e5aff7df0e4b91516f450f8627cda22af3"},
    {file = "cryptography-46.0.1-cp38-abi3-win_arm64.whl", hash = "sha256:efc9e51c3e595267ff84adf56e9b357db89ab2279d7e375ffcaf8f678606f3d9"},
    {file = "cryptography-46.0.1-pp311-pypy311_pp73-macosx_10_9_x86_64.whl", hash = "sha256:b9c79af2c3058430d911ff1a5b2b96bbfe8da47d5ed961639ce4681886614e70"},
    {file = "cryptography-46.0.1-pp311-pypy311_pp73-manylinux_2_28_aarch64.whl", hash = "sha256:0ca4be2af48c24df689a150d9cd37404f689e2968e247b6b8ff09bff5bcd786f"},
    {file = "cryptography-46.0.1-pp311-pypy311_pp73-manylinux_2_28_x86_64.whl", hash = "sha256:13e67c4d3fb8b6bc4ef778a7ccdd8df4cd15b4bcc18f4239c8440891a11245cc"},
    {file = "cryptography-46.0.1-pp311-pypy311_pp73-manylinux_2_34_aarch64.whl", hash = "sha256:15b5fd9358803b0d1cc42505a18d8bca81dabb35b5cfbfea1505092e13a9d96d"},
    {file = "cryptography-46.0.1-pp311-pypy311_pp73-manylinux_2_34_x86_64.whl", hash = "sha256:e34da95e29daf8a71cb2841fd55df0511539a6cdf33e6f77c1e95e44006b9b46"},
    {file = "cryptography-46.0.1-pp311-pypy311_pp73-win_amd64.whl", hash = "sha256:34f04b7311174469ab3ac2647469743720f8b6c8b046f238e5cb27905695eb2a"},
    {file = "cryptography-46.0.1.tar.gz", hash = "sha256:ed570874e88f213437f5cf758f9ef26cbfc3f336d889b1e592ee11283bb8d1c7"},
]

[[package]]
name = "duckdb"
version = "1.4.0"
requires_python = ">=3.9.0"
summary = "DuckDB in-process database"
groups = ["default"]
files = [
    {file = "duckdb-1.4.0-cp311-cp311-macosx_10_9_universal2.whl", hash = "sha256:6505fed1ccae8df9f574e744c48fa32ee2feaeebe5346c2daf4d4d10a8dac5aa"},
    {file = "duckdb-1.4.0-cp311-cp311-macosx_10_9_x86_64.whl", hash = "sha256:36974a04b29c74ac2143457e95420a7422016d050e28573060b89a90b9cf2b57"},
    {file = "duckdb-1.4.0-cp311-cp311-macosx_11_0_arm64.whl", hash = "sha256:90484b896e5059f145d1facfabea38e22c54a2dcc2bd62dd6c290423f0aee258"},
    {file = "duckdb-1.4.0-cp311-cp311-manylinux_2_27_aarch64.manylinux_2_28_aarch64.whl", hash = "sha256:a969d624b385853b31a43b0a23089683297da2f14846243921c6dbec8382d659"},
    {file = "duckdb-1.4.0-cp311-cp311-manylinux_2_27_x86_64.manylinux_2_28_x86_64.whl", hash = "sha256:5935644f96a75e9f6f3c3eeb3da14cdcaf7bad14d1199c08439103decb29466a"},
    {file = "duckdb-1.4.0-cp311-cp311-win_amd64.whl", hash = "sha256:300aa0e963af97969c38440877fffd576fc1f49c1f5914789a9d01f2fe7def91"},
    {file = "duckdb-1.4.0.tar.gz", hash = "sha256:bd5edee8bd5a73b5822f2b390668597b5fcdc2d3292c244d8d933bb87ad6ac4c"},
]

[[package]]
name = "et-xmlfile"
version = "2.0.0"
requires_python = ">=3.8"
summary = "An implementation of lxml.xmlfile for the standard library"
groups = ["default"]
files = [
    {file = "et_xmlfile-2.0.0-py3-none-any.whl", hash = "sha256:7a91720bc756843502c3b7504c77b8fe44217c85c537d85037f0f536151b2caa"},
    {file = "et_xmlfile-2.0.0.tar.gz", hash = "sha256:dab3f4764309081ce75662649be815c4c9081e88f0837825f90fd28317d4da54"},
]

[[package]]
name = "flask"
version = "3.1.0"
requires_python = ">=3.9"
summary = "A simple framework for building complex web applications."
groups = ["default"]
dependencies = [
    "Jinja2>=3.1.2",
    "Werkzeug>=3.1",
    "blinker>=1.9",
    "click>=8.1.3",
    "importlib-metadata>=3.6; python_version < \"3.10\"",
    "itsdangerous>=2.2",
]
files = [
    {file = "flask-3.1.0-py3-none-any.whl", hash = "sha256:d667207822eb83f1c4b50949b1623c8fc8d51f2341d65f72e1a1815397551136"},
    {file = "flask-3.1.0.tar.gz", hash = "sha256:5f873c5184c897c8d9d1b05df1e3d01b14910ce69607a117bd3277098a5836ac"},
]

[[package]]
name = "gevent"
version = "25.9.1"
requires_python = ">=3.9"
summary = "Coroutine-based network library"
groups = ["default"]
dependencies = [
    "cffi>=1.17.1; platform_python_implementation == \"CPython\" and sys_platform == \"win32\"",
    "greenlet>=3.2.2; platform_python_implementation == \"CPython\"",
    "zope-event",
    "zope-interface",
]
files = [
    {file = "gevent-25.9.1-cp311-cp311-manylinux2014_aarch64.manylinux_2_17_aarch64.whl", hash = "sha256:18e5aff9e8342dc954adb9c9c524db56c2f3557999463445ba3d9cbe3dada7b7"},
    {file = "gevent-25.9.1-cp311-cp311-manylinux2014_ppc64le.manylinux_2_17_ppc64le.whl", hash = "sha256:1cdf6db28f050ee103441caa8b0448ace545364f775059d5e2de089da975c457"},
    {file = "gevent-25.9.1-cp311-cp311-manylinux2014_s390x.manylinux_2_17_s390x.whl", hash = "sha256:812debe235a8295be3b2a63b136c2474241fa5c58af55e6a0f8cfc29d4936235"},
    {file = "gevent-25.9.1-cp311-cp311-manylinux2014_x86_64.manylinux_2_17_x86_64.whl", hash = "sha256:b28b61ff9216a3d73fe8f35669eefcafa957f143ac534faf77e8a19eb9e6883a"},
    {file = "gevent-25.9.1-cp311-cp311-musllinux_1_2_aarch64.whl", hash = "sha256:5e4b6278b37373306fc6b1e5f0f1cf56339a1377f67c35972775143d8d7776ff"},
    {file = "gevent-25.9.1-cp311-cp311-musllinux_1_2_x86_64.whl", hash = "sha256:d99f0cb2ce43c2e8305bf75bee61a8bde06619d21b9d0316ea190fc7a0620a56"},
    {file = "gevent-25.9.1-cp311-cp311-win_amd64.whl", hash = "sha256:72152517ecf548e2f838c61b4be76637d99279dbaa7e01b3924df040aa996586"},
    {file = "gevent-25.9.1.tar.gz", hash = "sha256:adf9cd552de44a4e6754c51ff2e78d9193b7fa6eab123db9578a210e657235dd"},
]

[[package]]
name = "greenlet"
version = "3.2.4"
requires_python = ">=3.9"
summary = "Lightweight in-process concurrent programming"
groups = ["default"]
marker = "platform_python_implementation == \"CPython\""
files = [
    {file = "greenlet-3.2.4-cp311-cp311-macosx_11_0_universal2.whl", hash = "sha256:96378df1de302bc38e99c3a9aa311967b7dc80ced1dcc6f171e99842987882a2"},
    {file = "greenlet-3.2.4-cp311-cp311-manylinux2014_aarch64.manylinux_2_17_aarch64.whl", hash = "sha256:1ee8fae0519a337f2329cb78bd7a8e128ec0f881073d43f023c7b8d4831d5246"},
    {file = "greenlet-3.2.4-cp311-cp311-manylinux2014_ppc64le.manylinux_2_17_ppc64le.whl", hash = "sha256:94abf90142c2a18151632371140b3dba4dee031633fe614cb592dbb6c9e17bc3"},
    {file = "greenlet-3.2.4-cp311-cp311-manylinux2014_s390x.manylinux_2_17_s390x.whl", hash = "sha256:4d1378601b85e2e5171b99be8d2dc85f594c79967599328f95c1dc1a40f1c633"},
    {file = "greenlet-3.2.4-cp311-cp311-manylinux2014_x86_64.manylinux_2_17_x86_64.whl", hash = "sha256:0db5594dce18db94f7d1650d7489909b57afde4c580806b8d9203b6e79cdc079"},
    {file = "greenlet-3.2.4-cp311-cp311-manylinux_2_24_x86_64.manylinux_2_28_x86_64.whl", hash = "sha256:2523e5246274f54fdadbce8494458a2ebdcdbc7b802318466ac5606d3cded1f8"},
    {file = "greenlet-3.2.4-cp311-cp311-musllinux_1_1_aarch64.whl", hash = "sha256:1987de92fec508535687fb807a5cea1560f6196285a4cde35c100b8cd632cc52"},
    {file = "greenlet-3.2.4-cp311-cp311-musllinux_1_1_x86_64.whl", hash = "sha256:55e9c5affaa6775e2c6b67659f3a71684de4c549b3dd9afca3bc773533d284fa"},
    {file = "greenlet-3.2.4-cp311-cp311-win_amd64.whl", hash = "sha256:9c40adce87eaa9ddb593ccb0fa6a07caf34015a29bf8d344811665b573138db9"},
    {file = "greenlet-3.2.4.tar.gz", hash = "sha256:0dca0d95ff849f9a364385f36ab49f50065d76964944638be9691e1832e9f86d"},
]

[[package]]
name = "gunicorn"
version = "23.0.0"
requires_python = ">=3.7"
summary = "WSGI HTTP Server for UNIX"
groups = ["default"]
dependencies = [
    "importlib-metadata; python_version < \"3.8\"",
    "packaging",
]
files = [
    {file = "gunicorn-23.0.0-py3-none-any.whl", hash = "sha256:ec400d38950de4dfd418cff8328b2c8faed0edb0d517d3394e457c317908ca4d"},
    {file = "gunicorn-23.0.0.tar.gz", hash = "sha256:f014447a0101dc57e294f6c18ca6b40227a4c90e9bdb586042628030cba004ec"},
]

[[package]]
name = "idna"
version = "3.10"
requires_python = ">=3.6"
summary = "Internationalized Domain Names in Applications (IDNA)"
groups = ["default"]
files = [
    {file = "idna-3.10-py3-none-any.whl", hash = "sha256:946d195a0d259cbba61165e88e65941f16e9b36ea6ddb97f00452bae8b1287d3"},
    {file = "idna-3.10.tar.gz", hash = "sha256:12f65c9b470abda6dc35cf8e63cc574b1c52b11df2c86030af0ac09b01b13ea9"},
]

[[package]]
name = "itsdangerous"
version = "2.2.0"
requires_python = ">=3.8"
summary = "Safely pass data to untrusted environments and back."
groups = ["default"]
files = [
    {file = "itsdangerous-2.2.0-py3-none-any.whl", hash = "sha256:c6242fc49e35958c8b15141343aa660db5fc54d4f13a1db01a3f5891b98700ef"},
    {file = "itsdangerous-2.2.0.tar.gz", hash = "sha256:e0050c0b7da1eea53ffaf149c0cfbb5c6e2e2b69c4bef22c81fa6eb73e5f6173"},
]

[[package]]
name = "jinja2"
version = "3.1.5"
requires_python = ">=3.7"
summary = "A very fast and expressive template engine."
groups = ["default"]
dependencies = [
    "MarkupSafe>=2.0",
]
files = [
    {file = "jinja2-3.1.5-py3-none-any.whl", hash = "sha256:aba0f4dc9ed8013c424088f68a5c226f7d6097ed89b246d7749c2ec4175c6adb"},
    {file = "jinja2-3.1.5.tar.gz", hash = "sha256:8fefff8dc3034e27bb80d67c671eb8a9bc424c0ef4c0826edbff304cceff43bb"},
]

[[package]]
name = "joblib"
version = "1.4.2"
requires_python = ">=3.8"
summary = "Lightweight pipelining with Python functions"
groups = ["default"]
files = [
    {file = "joblib-1.4.2-py3-none-any.whl", hash = "sha256:06d478d5674cbc267e7496a410ee875abd68e4340feff4490bcb7afb88060ae6"},
    {file = "joblib-1.4.2.tar.gz", hash = "sha256:2382c5816b2636fbd20a09e0f4e9dad4736765fdfb7dca582943b9c1366b3f0e"},
]

[[package]]
name = "markupsafe"
version = "3.0.2"
requires_python = ">=3.9"
summary = "Safely add untrusted strings to HTML/XML markup."
groups = ["default"]
files = [
    {file = "MarkupSafe-3.0.2-cp311-cp311-macosx_10_9_universal2.whl", hash = "sha256:9025b4018f3a1314059769c7bf15441064b2207cb3f065e6ea1e7359cb46db9d"},
    {file = "MarkupSafe-3.0.2-cp311-cp311-macosx_11_0_arm64.whl", hash = "sha256:93335ca3812df2f366e80509ae119189886b0f3c2b81325d39efdb84a1e2ae93"},
    {file = "MarkupSafe-3.0.2-cp311-cp311-manylinux_2_17_aarch64.manylinux2014_aarch64.whl", hash = "sha256:2cb8438c3cbb25e220c2ab33bb226559e7afb3baec11c4f218ffa7308603c832"},
    {file = "MarkupSafe-3.0.2-cp311-cp311-manylinux_2_17_x86_64.manylinux2014_x86_64.whl", hash = "sha256:a123e330ef0853c6e822384873bef7507557d8e4a082961e1defa947aa59ba84"},
    {file = "MarkupSafe-3.0.2-cp311-cp311-manylinux_2_5_i686.manylinux1_i686.manylinux_2_17_i686.manylinux2014_i686.whl", hash = "sha256:1e084f686b92e5b83186b07e8a17fc09e38fff551f3602b249881fec658d3eca"},
    {file = "MarkupSafe-3.0.2-cp311-cp311-musllinux_1_2_aarch64.whl", hash = "sha256:d8213e09c917a951de9d09ecee036d5c7d36cb6cb7dbaece4c71a60d79fb9798"},
    {file = "MarkupSafe-3.0.2-cp311-cp311-musllinux_1_2_i686.whl", hash = "sha256:5b02fb34468b6aaa40dfc198d813a641e3a63b98c2b05a16b9f80b7ec314185e"},
    {file = "MarkupSafe-3.0.2-cp311-cp311-musllinux_1_2_x86_64.whl", hash = "sha256:0bff5e0ae4ef2e1ae4fdf2dfd5b76c75e5c2fa4132d05fc1b0dabcd20c7e28c4"},
    {file = "MarkupSafe-3.0.2-cp311-cp311-win32.whl", hash = "sha256:6c89876f41da747c8d3677a2b540fb32ef5715f97b66eeb0c6b66f5e3ef6f59d"},
    {file = "MarkupSafe-3.0.2-cp311-cp311-win_amd64.whl", hash = "sha256:70a87b411535ccad5ef2f1df5136506a10775d267e197e4cf531ced10537bd6b"},
    {file = "markupsafe-3.0.2.tar.gz", hash = "sha256:ee55d3edf80167e48ea11a923c7386f4669df67d7994554387f84e7d8b0a2bf0"},
]

[[package]]
name = "msal"
version = "1.34.0"
requires_python = ">=3.8"
summary = "The Microsoft Authentication Library (MSAL) for Python library enables your app to access the Microsoft Cloud by supporting authentication of users with Microsoft Azure Active Directory accounts (AAD) and Microsoft Accounts (MSA) using industry standard OAuth2 and OpenID Connect."
groups = ["default"]
dependencies = [
    "PyJWT[crypto]<3,>=1.0.0",
    "cryptography<49,>=2.5",
    "requests<3,>=2.0.0",
]
files = [
    {file = "msal-1.34.0-py3-none-any.whl", hash = "sha256:f669b1644e4950115da7a176441b0e13ec2975c29528d8b9e81316023676d6e1"},
    {file = "msal-1.34.0.tar.gz", hash = "sha256:76ba83b716ea5a6d75b0279c0ac353a0e05b820ca1f6682c0eb7f45190c43c2f"},
]

[[package]]
name = "mypy-extensions"
version = "1.0.0"
requires_python = ">=3.5"
summary = "Type system extensions for programs checked with the mypy type checker."
groups = ["default"]
files = [
    {file = "mypy_extensions-1.0.0-py3-none-any.whl", hash = "sha256:4392f6c0eb8a5668a69e23d168ffa70f0be9ccfd32b5cc2d26a34ae5b844552d"},
    {file = "mypy_extensions-1.0.0.tar.gz", hash = "sha256:75dbf8955dc00442a438fc4d0666508a9a97b6bd41aa2f0ffe9d2f2725af0782"},
]

[[package]]
name = "narwhals"
version = "2.5.0"
requires_python = ">=3.9"
summary = "Extremely lightweight compatibility layer between dataframe libraries"
groups = ["default"]
files = [
    {file = "narwhals-2.5.0-py3-none-any.whl", hash = "sha256:7e213f9ca7db3f8bf6f7eff35eaee6a1cf80902997e1b78d49b7755775d8f423"},
    {file = "narwhals-2.5.0.tar.gz", hash = "sha256:8ae0b6f39597f14c0dc52afc98949d6f8be89b5af402d2d98101d2f7d3561418"},
]

[[package]]
name = "ngrok"
version = "1.4.0"
requires_python = ">=3.7"
summary = "The ngrok Agent SDK for Python"
groups = ["default"]
files = [
    {file = "ngrok-1.4.0-cp37-abi3-macosx_10_12_x86_64.macosx_11_0_arm64.macosx_10_12_universal2.whl", hash = "sha256:05a86cf684120c27d1f10c9a3a5320c7243a89a9f93e58c027dc3916bdeeade9"},
    {file = "ngrok-1.4.0-cp37-abi3-macosx_10_12_x86_64.whl", hash = "sha256:166aa4ad1911564e8028436b4c0cc5401f846f79176c97bc84726d417f5483eb"},
    {file = "ngrok-1.4.0-cp37-abi3-macosx_11_0_arm64.whl", hash = "sha256:2a9bd2fbf3bf2ed8bdc668d20da9f961207ffe8795320598ca2747463c5f980d"},
    {file = "ngrok-1.4.0-cp37-abi3-manylinux_2_17_aarch64.manylinux2014_aarch64.whl", hash = "sha256:60a6fdaa08c7bcff6b208fb2d1d7d3065ab7bf99a1dfc6e9c4f4535dbbe2e0f6"},
    {file = "ngrok-1.4.0-cp37-abi3-manylinux_2_17_armv7l.manylinux2014_armv7l.whl", hash = "sha256:381a455b527a4c25e9aa5da231db2f836c243ae46b479f9a4af2b54fadfde906"},
    {file = "ngrok-1.4.0-cp37-abi3-manylinux_2_17_x86_64.manylinux2014_x86_64.whl", hash = "sha256:8660b535a3b1593c80868c80dd2f7b480fcb075ec807ba727868348d037adea3"},
    {file = "ngrok-1.4.0-cp37-abi3-musllinux_1_2_aarch64.whl", hash = "sha256:0f31c5f7a3d93011a08d01ccd38c66b1febec3efe776b301ea677061d56561b1"},
    {file = "ngrok-1.4.0-cp37-abi3-musllinux_1_2_x86_64.whl", hash = "sha256:77aeac9d9e1a425c65fad10c7996279ba4099c68af6e18d66d0e9d96f2eef31b"},
    {file = "ngrok-1.4.0-cp37-abi3-win32.whl", hash = "sha256:0b2a29f4a98ce62366262fc4906dfb0dfe28a9ec7114dc9e7cbe2d75f923fc00"},
    {file = "ngrok-1.4.0-cp37-abi3-win_amd64.whl", hash = "sha256:1ff615ab7709976664730b80e4345d4bf7816b864f990bdf2b6529c7e7f9106d"},
]

[[package]]
name = "numpy"
version = "2.2.2"
requires_python = ">=3.10"
summary = "Fundamental package for array computing in Python"
groups = ["default"]
files = [
    {file = "numpy-2.2.2-cp311-cp311-macosx_10_9_x86_64.whl", hash = "sha256:642199e98af1bd2b6aeb8ecf726972d238c9877b0f6e8221ee5ab945ec8a2189"},
    {file = "numpy-2.2.2-cp311-cp311-macosx_11_0_arm64.whl", hash = "sha256:6d9fc9d812c81e6168b6d405bf00b8d6739a7f72ef22a9214c4241e0dc70b323"},
    {file = "numpy-2.2.2-cp311-cp311-macosx_14_0_arm64.whl", hash = "sha256:c7d1fd447e33ee20c1f33f2c8e6634211124a9aabde3c617687d8b739aa69eac"},
    {file = "numpy-2.2.2-cp311-cp311-macosx_14_0_x86_64.whl", hash = "sha256:451e854cfae0febe723077bd0cf0a4302a5d84ff25f0bfece8f29206c7bed02e"},
    {file = "numpy-2.2.2-cp311-cp311-manylinux_2_17_aarch64.manylinux2014_aarch64.whl", hash = "sha256:bd249bc894af67cbd8bad2c22e7cbcd46cf87ddfca1f1289d1e7e54868cc785c"},
    {file = "numpy-2.2.2-cp311-cp311-manylinux_2_17_x86_64.manylinux2014_x86_64.whl", hash = "sha256:02935e2c3c0c6cbe9c7955a8efa8908dd4221d7755644c59d1bba28b94fd334f"},
    {file = "numpy-2.2.2-cp311-cp311-musllinux_1_2_aarch64.whl", hash = "sha256:a972cec723e0563aa0823ee2ab1df0cb196ed0778f173b381c871a03719d4826"},
    {file = "numpy-2.2.2-cp311-cp311-musllinux_1_2_x86_64.whl", hash = "sha256:d6d6a0910c3b4368d89dde073e630882cdb266755565155bc33520283b2d9df8"},
    {file = "numpy-2.2.2-cp311-cp311-win32.whl", hash = "sha256:860fd59990c37c3ef913c3ae390b3929d005243acca1a86facb0773e2d8d9e50"},
    {file = "numpy-2.2.2-cp311-cp311-win_amd64.whl", hash = "sha256:da1eeb460ecce8d5b8608826595c777728cdf28ce7b5a5a8c8ac8d949beadcf2"},
    {file = "numpy-2.2.2.tar.gz", hash = "sha256:ed6906f61834d687738d25988ae117683705636936cc605be0bb208b23df4d8f"},
]

[[package]]
name = "openpyxl"
version = "3.1.5"
requires_python = ">=3.8"
summary = "A Python library to read/write Excel 2010 xlsx/xlsm files"
groups = ["default"]
dependencies = [
    "et-xmlfile",
]
files = [
    {file = "openpyxl-3.1.5-py2.py3-none-any.whl", hash = "sha256:5282c12b107bffeef825f4617dc029afaf41d0ea60823bbb665ef3079dc79de2"},
    {file = "openpyxl-3.1.5.tar.gz", hash = "sha256:cf0e3cf56142039133628b5acffe8ef0c12bc902d2aadd3e0fe5878dc08d1050"},
]

[[package]]
name = "packaging"
version = "24.2"
requires_python = ">=3.8"
summary = "Core utilities for Python packages"
groups = ["default"]
files = [
    {file = "packaging-24.2-py3-none-any.whl", hash = "sha256:09abb1bccd265c01f4a3aa3f7a7db064b36514d2cba19a2f694fe6150451a759"},
    {file = "packaging-24.2.tar.gz", hash = "sha256:c228a6dc5e932d346bc5739379109d49e8853dd8223571c7c5b55260edc0b97f"},
]

[[package]]
name = "pandas"
version = "2.2.3"
requires_python = ">=3.9"
summary = "Powerful data structures for data analysis, time series, and statistics"
groups = ["default"]
dependencies = [
    "numpy>=1.22.4; python_version < \"3.11\"",
    "numpy>=1.23.2; python_version == \"3.11\"",
    "numpy>=1.26.0; python_version >= \"3.12\"",
    "python-dateutil>=2.8.2",
    "pytz>=2020.1",
    "tzdata>=2022.7",
]
files = [
    {file = "pandas-2.2.3-cp311-cp311-macosx_10_9_x86_64.whl", hash = "sha256:66108071e1b935240e74525006034333f98bcdb87ea116de573a6a0dccb6c039"},
    {file = "pandas-2.2.3-cp311-cp311-macosx_11_0_arm64.whl", hash = "sha256:7c2875855b0ff77b2a64a0365e24455d9990730d6431b9e0ee18ad8acee13dbd"},
    {file = "pandas-2.2.3-cp311-cp311-manylinux2014_aarch64.manylinux_2_17_aarch64.whl", hash = "sha256:cd8d0c3be0515c12fed0bdbae072551c8b54b7192c7b1fda0ba56059a0179698"},
    {file = "pandas-2.2.3-cp311-cp311-manylinux_2_17_x86_64.manylinux2014_x86_64.whl", hash = "sha256:c124333816c3a9b03fbeef3a9f230ba9a737e9e5bb4060aa2107a86cc0a497fc"},
    {file = "pandas-2.2.3-cp311-cp311-musllinux_1_2_aarch64.whl", hash = "sha256:63cc132e40a2e084cf01adf0775b15ac515ba905d7dcca47e9a251819c575ef3"},
    {file = "pandas-2.2.3-cp311-cp311-musllinux_1_2_x86_64.whl", hash = "sha256:29401dbfa9ad77319367d36940cd8a0b3a11aba16063e39632d98b0e931ddf32"},
    {file = "pandas-2.2.3-cp311-cp311-win_amd64.whl", hash = "sha256:3fc6873a41186404dad67245896a6e440baacc92f5b716ccd1bc9ed2995ab2c5"},
    {file = "pandas-2.2.3.tar.gz", hash = "sha256:4f18ba62b61d7e192368b84517265a99b4d7ee8912f8708660fb4a366cc82667"},
]

[[package]]
name = "pathspec"
version = "0.12.1"
requires_python = ">=3.8"
summary = "Utility library for gitignore style pattern matching of file paths."
groups = ["default"]
files = [
    {file = "pathspec-0.12.1-py3-none-any.whl", hash = "sha256:a0d503e138a4c123b27490a4f7beda6a01c6f288df0e4a8b79c7eb0dc7b4cc08"},
    {file = "pathspec-0.12.1.tar.gz", hash = "sha256:a482d51503a1ab33b1c67a6c3813a26953dbdc71c31dacaef9a838c4e29f5712"},
]

[[package]]
name = "platformdirs"
version = "4.3.6"
requires_python = ">=3.8"
summary = "A small Python package for determining appropriate platform-specific dirs, e.g. a `user data dir`."
groups = ["default"]
files = [
    {file = "platformdirs-4.3.6-py3-none-any.whl", hash = "sha256:73e575e1408ab8103900836b97580d5307456908a03e92031bab39e4554cc3fb"},
    {file = "platformdirs-4.3.6.tar.gz", hash = "sha256:357fb2acbc885b0419afd3ce3ed34564c13c9b95c89360cd9563f73aa5e2b907"},
]

[[package]]
name = "plotly"
version = "6.3.0"
requires_python = ">=3.8"
summary = "An open-source interactive data visualization library for Python"
groups = ["default"]
dependencies = [
    "narwhals>=1.15.1",
    "packaging",
]
files = [
    {file = "plotly-6.3.0-py3-none-any.whl", hash = "sha256:7ad806edce9d3cdd882eaebaf97c0c9e252043ed1ed3d382c3e3520ec07806d4"},
    {file = "plotly-6.3.0.tar.gz", hash = "sha256:8840a184d18ccae0f9189c2b9a2943923fd5cae7717b723f36eef78f444e5a73"},
]

[[package]]
name = "polars"
version = "1.22.0"
requires_python = ">=3.9"
summary = "Blazingly fast DataFrame library"
groups = ["default"]
files = [
    {file = "polars-1.22.0-cp39-abi3-macosx_10_12_x86_64.whl", hash = "sha256:6250f838b916fab23ccafe90928d7952afc328d316c956b42d152b20c86ffd9c"},
    {file = "polars-1.22.0-cp39-abi3-macosx_11_0_arm64.whl", hash = "sha256:5ee3cf3783205709ce31f070f2b4ee4296fec08f2c744a9c37acc7d360121022"},
    {file = "polars-1.22.0-cp39-abi3-manylinux_2_17_x86_64.manylinux2014_x86_64.whl", hash = "sha256:94f25b4ef131da046d05b8235c5f29997630ee2125ebc0553b92258e88f7a8fa"},
    {file = "polars-1.22.0-cp39-abi3-manylinux_2_24_aarch64.whl", hash = "sha256:729e6be8a884812a206518195a2fb407b61962323886095ede1a2a934cdb1410"},
    {file = "polars-1.22.0-cp39-abi3-win_amd64.whl", hash = "sha256:78b8bcd1735e9376815d117aeae49391441b2199b5a70a300669d692b34ec713"},
    {file = "polars-1.22.0-cp39-abi3-win_arm64.whl", hash = "sha256:cde8f56c408151ab9790c43485b90f690d5c198ce26ab38a845045c73c999325"},
    {file = "polars-1.22.0.tar.gz", hash = "sha256:8d94ae25085d92de10d93ab6a06c94f8c911bd5d9c1ff17cd1073a9dca766029"},
]

[[package]]
name = "psutil"
version = "7.1.0"
requires_python = ">=3.6"
summary = "Cross-platform lib for process and system monitoring."
groups = ["default"]
files = [
    {file = "psutil-7.1.0-cp36-abi3-macosx_10_9_x86_64.whl", hash = "sha256:76168cef4397494250e9f4e73eb3752b146de1dd950040b29186d0cce1d5ca13"},
    {file = "psutil-7.1.0-cp36-abi3-macosx_11_0_arm64.whl", hash = "sha256:5d007560c8c372efdff9e4579c2846d71de737e4605f611437255e81efcca2c5"},
    {file = "psutil-7.1.0-cp36-abi3-manylinux_2_12_i686.manylinux2010_i686.manylinux_2_17_i686.manylinux2014_i686.whl", hash = "sha256:22e4454970b32472ce7deaa45d045b34d3648ce478e26a04c7e858a0a6e75ff3"},
    {file = "psutil-7.1.0-cp36-abi3-manylinux_2_12_x86_64.manylinux2010_x86_64.manylinux_2_17_x86_64.manylinux2014_x86_64.whl", hash = "sha256:8c70e113920d51e89f212dd7be06219a9b88014e63a4cec69b684c327bc474e3"},
    {file = "psutil-7.1.0-cp36-abi3-manylinux_2_17_aarch64.manylinux2014_aarch64.whl", hash = "sha256:7d4a113425c037300de3ac8b331637293da9be9713855c4fc9d2d97436d7259d"},
    {file = "psutil-7.1.0-cp37-abi3-win32.whl", hash = "sha256:09ad740870c8d219ed8daae0ad3b726d3bf9a028a198e7f3080f6a1888b99bca"},
    {file = "psutil-7.1.0-cp37-abi3-win_amd64.whl", hash = "sha256:57f5e987c36d3146c0dd2528cd42151cf96cd359b9d67cfff836995cc5df9a3d"},
    {file = "psutil-7.1.0-cp37-abi3-win_arm64.whl", hash = "sha256:6937cb68133e7c97b6cc9649a570c9a18ba0efebed46d8c5dae4c07fa1b67a07"},
    {file = "psutil-7.1.0.tar.gz", hash = "sha256:655708b3c069387c8b77b072fc429a57d0e214221d01c0a772df7dfedcb3bcd2"},
]

[[package]]
name = "pyarrow"
version = "19.0.0"
requires_python = ">=3.9"
summary = "Python library for Apache Arrow"
groups = ["default"]
files = [
    {file = "pyarrow-19.0.0-cp311-cp311-macosx_12_0_arm64.whl", hash = "sha256:8e3a839bf36ec03b4315dc924d36dcde5444a50066f1c10f8290293c0427b46a"},
    {file = "pyarrow-19.0.0-cp311-cp311-macosx_12_0_x86_64.whl", hash = "sha256:ce42275097512d9e4e4a39aade58ef2b3798a93aa3026566b7892177c266f735"},
    {file = "pyarrow-19.0.0-cp311-cp311-manylinux_2_17_aarch64.manylinux2014_aarch64.whl", hash = "sha256:9348a0137568c45601b031a8d118275069435f151cbb77e6a08a27e8125f59d4"},
    {file = "pyarrow-19.0.0-cp311-cp311-manylinux_2_17_x86_64.manylinux2014_x86_64.whl", hash = "sha256:2a0144a712d990d60f7f42b7a31f0acaccf4c1e43e957f7b1ad58150d6f639c1"},
    {file = "pyarrow-19.0.0-cp311-cp311-manylinux_2_28_aarch64.whl", hash = "sha256:2a1a109dfda558eb011e5f6385837daffd920d54ca00669f7a11132d0b1e6042"},
    {file = "pyarrow-19.0.0-cp311-cp311-manylinux_2_28_x86_64.whl", hash = "sha256:be686bf625aa7b9bada18defb3a3ea3981c1099697239788ff111d87f04cd263"},
    {file = "pyarrow-19.0.0-cp311-cp311-win_amd64.whl", hash = "sha256:239ca66d9a05844bdf5af128861af525e14df3c9591bcc05bac25918e650d3a2"},
    {file = "pyarrow-19.0.0.tar.gz", hash = "sha256:8d47c691765cf497aaeed4954d226568563f1b3b74ff61139f2d77876717084b"},
]

[[package]]
name = "pycparser"
version = "2.23"
requires_python = ">=3.8"
summary = "C parser in Python"
groups = ["default"]
marker = "platform_python_implementation == \"CPython\" and sys_platform == \"win32\" and implementation_name != \"PyPy\" or python_full_version >= \"3.9\" and platform_python_implementation != \"PyPy\" and implementation_name != \"PyPy\""
files = [
    {file = "pycparser-2.23-py3-none-any.whl", hash = "sha256:e5c6e8d3fbad53479cab09ac03729e0a9faf2bee3db8208a550daf5af81a5934"},
    {file = "pycparser-2.23.tar.gz", hash = "sha256:78816d4f24add8f10a06d6f05b4d424ad9e96cfebf68a4ddc99c65c0720d00c2"},
]

[[package]]
name = "pyjwt"
version = "2.10.1"
requires_python = ">=3.9"
summary = "JSON Web Token implementation in Python"
groups = ["default"]
files = [
    {file = "PyJWT-2.10.1-py3-none-any.whl", hash = "sha256:dcdd193e30abefd5debf142f9adfcdd2b58004e644f25406ffaebd50bd98dacb"},
    {file = "pyjwt-2.10.1.tar.gz", hash = "sha256:3cc5772eb20009233caf06e9d8a0577824723b44e6648ee0a2aedb6cf9381953"},
]

[[package]]
name = "pyjwt"
version = "2.10.1"
extras = ["crypto"]
requires_python = ">=3.9"
summary = "JSON Web Token implementation in Python"
groups = ["default"]
dependencies = [
    "PyJWT==2.10.1",
    "cryptography>=3.4.0",
]
files = [
    {file = "PyJWT-2.10.1-py3-none-any.whl", hash = "sha256:dcdd193e30abefd5debf142f9adfcdd2b58004e644f25406ffaebd50bd98dacb"},
    {file = "pyjwt-2.10.1.tar.gz", hash = "sha256:3cc5772eb20009233caf06e9d8a0577824723b44e6648ee0a2aedb6cf9381953"},
]

[[package]]
name = "python-dateutil"
version = "2.9.0.post0"
requires_python = "!=3.0.*,!=3.1.*,!=3.2.*,>=2.7"
summary = "Extensions to the standard Python datetime module"
groups = ["default"]
dependencies = [
    "six>=1.5",
]
files = [
    {file = "python-dateutil-2.9.0.post0.tar.gz", hash = "sha256:37dd54208da7e1cd875388217d5e00ebd4179249f90fb72437e91a35459a0ad3"},
    {file = "python_dateutil-2.9.0.post0-py2.py3-none-any.whl", hash = "sha256:a8b2bc7bffae282281c8140a97d3aa9c14da0b136dfe83f850eea9a5f7470427"},
]

[[package]]
name = "python-dotenv"
version = "1.1.1"
requires_python = ">=3.9"
summary = "Read key-value pairs from a .env file and set them as environment variables"
groups = ["default"]
files = [
    {file = "python_dotenv-1.1.1-py3-none-any.whl", hash = "sha256:31f23644fe2602f88ff55e1f5c79ba497e01224ee7737937930c448e4d0e24dc"},
    {file = "python_dotenv-1.1.1.tar.gz", hash = "sha256:a8a6399716257f45be6a007360200409fce5cda2661e3dec71d23dc15f6189ab"},
]

[[package]]
name = "pytz"
version = "2025.1"
summary = "World timezone definitions, modern and historical"
groups = ["default"]
files = [
    {file = "pytz-2025.1-py2.py3-none-any.whl", hash = "sha256:89dd22dca55b46eac6eda23b2d72721bf1bdfef212645d81513ef5d03038de57"},
    {file = "pytz-2025.1.tar.gz", hash = "sha256:c2db42be2a2518b28e65f9207c4d05e6ff547d1efa4086469ef855e4ab70178e"},
]

[[package]]
name = "requests"
version = "2.32.5"
requires_python = ">=3.9"
summary = "Python HTTP for Humans."
groups = ["default"]
dependencies = [
    "certifi>=2017.4.17",
    "charset-normalizer<4,>=2",
    "idna<4,>=2.5",
    "urllib3<3,>=1.21.1",
]
files = [
    {file = "requests-2.32.5-py3-none-any.whl", hash = "sha256:2462f94637a34fd532264295e186976db0f5d453d1cdd31473c85a6a161affb6"},
    {file = "requests-2.32.5.tar.gz", hash = "sha256:dbba0bac56e100853db0ea71b82b4dfd5fe2bf6d3754a8893c3af500cec7d7cf"},
]

[[package]]
name = "scikit-learn"
version = "1.7.2"
requires_python = ">=3.10"
summary = "A set of python modules for machine learning and data mining"
groups = ["default"]
dependencies = [
    "joblib>=1.2.0",
    "numpy>=1.22.0",
    "scipy>=1.8.0",
    "threadpoolctl>=3.1.0",
]
files = [
    {file = "scikit_learn-1.7.2-cp311-cp311-macosx_10_9_x86_64.whl", hash = "sha256:c7509693451651cd7361d30ce4e86a1347493554f172b1c72a39300fa2aea79e"},
    {file = "scikit_learn-1.7.2-cp311-cp311-macosx_12_0_arm64.whl", hash = "sha256:0486c8f827c2e7b64837c731c8feff72c0bd2b998067a8a9cbc10643c31f0fe1"},
    {file = "scikit_learn-1.7.2-cp311-cp311-manylinux2014_x86_64.manylinux_2_17_x86_64.whl", hash = "sha256:89877e19a80c7b11a2891a27c21c4894fb18e2c2e077815bcade10d34287b20d"},
    {file = "scikit_learn-1.7.2-cp311-cp311-manylinux_2_27_aarch64.manylinux_2_28_aarch64.whl", hash = "sha256:8da8bf89d4d79aaec192d2bda62f9b56ae4e5b4ef93b6a56b5de4977e375c1f1"},
    {file = "scikit_learn-1.7.2-cp311-cp311-win_amd64.whl", hash = "sha256:9b7ed8d58725030568523e937c43e56bc01cadb478fc43c042a9aca1dacb3ba1"},
    {file = "scikit_learn-1.7.2.tar.gz", hash = "sha256:20e9e49ecd130598f1ca38a1d85090e1a600147b9c02fa6f15d69cb53d968fda"},
]

[[package]]
name = "scipy"
version = "1.15.1"
requires_python = ">=3.10"
summary = "Fundamental algorithms for scientific computing in Python"
groups = ["default"]
dependencies = [
    "numpy<2.5,>=1.23.5",
]
files = [
    {file = "scipy-1.15.1-cp311-cp311-macosx_10_13_x86_64.whl", hash = "sha256:5bd8d27d44e2c13d0c1124e6a556454f52cd3f704742985f6b09e75e163d20d2"},
    {file = "scipy-1.15.1-cp311-cp311-macosx_12_0_arm64.whl", hash = "sha256:be3deeb32844c27599347faa077b359584ba96664c5c79d71a354b80a0ad0ce0"},
    {file = "scipy-1.15.1-cp311-cp311-macosx_14_0_arm64.whl", hash = "sha256:5eb0ca35d4b08e95da99a9f9c400dc9f6c21c424298a0ba876fdc69c7afacedf"},
    {file = "scipy-1.15.1-cp311-cp311-macosx_14_0_x86_64.whl", hash = "sha256:74bb864ff7640dea310a1377d8567dc2cb7599c26a79ca852fc184cc851954ac"},
    {file = "scipy-1.15.1-cp311-cp311-manylinux_2_17_aarch64.manylinux2014_aarch64.whl", hash = "sha256:667f950bf8b7c3a23b4199db24cb9bf7512e27e86d0e3813f015b74ec2c6e3df"},
    {file = "scipy-1.15.1-cp311-cp311-manylinux_2_17_x86_64.manylinux2014_x86_64.whl", hash = "sha256:395be70220d1189756068b3173853029a013d8c8dd5fd3d1361d505b2aa58fa7"},
    {file = "scipy-1.15.1-cp311-cp311-musllinux_1_2_x86_64.whl", hash = "sha256:ce3a000cd28b4430426db2ca44d96636f701ed12e2b3ca1f2b1dd7abdd84b39a"},
    {file = "scipy-1.15.1-cp311-cp311-win_amd64.whl", hash = "sha256:3fe1d95944f9cf6ba77aa28b82dd6bb2a5b52f2026beb39ecf05304b8392864b"},
    {file = "scipy-1.15.1.tar.gz", hash = "sha256:033a75ddad1463970c96a88063a1df87ccfddd526437136b6ee81ff0312ebdf6"},
]

[[package]]
name = "setuptools"
version = "80.9.0"
requires_python = ">=3.9"
summary = "Easily download, build, install, upgrade, and uninstall Python packages"
groups = ["default"]
files = [
    {file = "setuptools-80.9.0-py3-none-any.whl", hash = "sha256:062d34222ad13e0cc312a4c02d73f059e86a4acbfbdea8f8f76b28c99f306922"},
    {file = "setuptools-80.9.0.tar.gz", hash = "sha256:f36b47402ecde768dbfafc46e8e4207b4360c654f1f3bb84475f0a28628fb19c"},
]

[[package]]
name = "six"
version = "1.17.0"
requires_python = "!=3.0.*,!=3.1.*,!=3.2.*,>=2.7"
summary = "Python 2 and 3 compatibility utilities"
groups = ["default"]
files = [
    {file = "six-1.17.0-py2.py3-none-any.whl", hash = "sha256:4721f391ed90541fddacab5acf947aa0d3dc7d27b2e1e8eda2be8970586c3274"},
    {file = "six-1.17.0.tar.gz", hash = "sha256:ff70335d468e7eb6ec65b95b99d3a2836546063f63acc5171de367e834932a81"},
]

[[package]]
name = "threadpoolctl"
version = "3.5.0"
requires_python = ">=3.8"
summary = "threadpoolctl"
groups = ["default"]
files = [
    {file = "threadpoolctl-3.5.0-py3-none-any.whl", hash = "sha256:56c1e26c150397e58c4926da8eeee87533b1e32bef131bd4bf6a2f45f3185467"},
    {file = "threadpoolctl-3.5.0.tar.gz", hash = "sha256:082433502dd922bf738de0d8bcc4fdcbf0979ff44c42bd40f5af8a282f6fa107"},
]

[[package]]
name = "tzdata"
version = "2025.1"
requires_python = ">=2"
summary = "Provider of IANA time zone data"
groups = ["default"]
files = [
    {file = "tzdata-2025.1-py2.py3-none-any.whl", hash = "sha256:7e127113816800496f027041c570f50bcd464a020098a3b6b199517772303639"},
    {file = "tzdata-2025.1.tar.gz", hash = "sha256:24894909e88cdb28bd1636c6887801df64cb485bd593f2fd83ef29075a81d694"},
]

[[package]]
name = "urllib3"
version = "2.5.0"
requires_python = ">=3.9"
summary = "HTTP library with thread-safe connection pooling, file post, and more."
groups = ["default"]
files = [
    {file = "urllib3-2.5.0-py3-none-any.whl", hash = "sha256:e6b01673c0fa6a13e374b50871808eb3bf7046c4b125b216f6bf1cc604cff0dc"},
    {file = "urllib3-2.5.0.tar.gz", hash = "sha256:3fc47733c7e419d4bc3f6b3dc2b4f890bb743906a30d56ba4a5bfa4bbff92760"},
]

[[package]]
name = "werkzeug"
version = "3.1.3"
requires_python = ">=3.9"
summary = "The comprehensive WSGI web application library."
groups = ["default"]
dependencies = [
    "MarkupSafe>=2.1.1",
]
files = [
    {file = "werkzeug-3.1.3-py3-none-any.whl", hash = "sha256:54b78bf3716d19a65be4fceccc0d1d7b89e608834989dfae50ea87564639213e"},
    {file = "werkzeug-3.1.3.tar.gz", hash = "sha256:60723ce945c19328679790e3282cc758aa4a6040e4bb330f53d30fa546d44746"},
]

[[package]]
name = "zope-event"
version = "6.0"
requires_python = ">=3.9"
summary = "Very basic event publishing system"
groups = ["default"]
dependencies = [
    "setuptools>=75.8.2",
]
files = [
    {file = "zope_event-6.0-py3-none-any.whl", hash = "sha256:6f0922593407cc673e7d8766b492c519f91bdc99f3080fe43dcec0a800d682a3"},
    {file = "zope_event-6.0.tar.gz", hash = "sha256:0ebac894fa7c5f8b7a89141c272133d8c1de6ddc75ea4b1f327f00d1f890df92"},
]

[[package]]
name = "zope-interface"
version = "8.0.1"
requires_python = ">=3.9"
summary = "Interfaces for Python"
groups = ["default"]
files = [
    {file = "zope_interface-8.0.1-cp311-cp311-macosx_10_9_x86_64.whl", hash = "sha256:4bd01022d2e1bce4a4a4ed9549edb25393c92e607d7daa6deff843f1f68b479d"},
    {file = "zope_interface-8.0.1-cp311-cp311-macosx_11_0_arm64.whl", hash = "sha256:29be8db8b712d94f1c05e24ea230a879271d787205ba1c9a6100d1d81f06c69a"},
    {file = "zope_interface-8.0.1-cp311-cp311-manylinux1_i686.manylinux2014_i686.manylinux_2_17_i686.manylinux_2_5_i686.whl", hash = "sha256:51ae1b856565b30455b7879fdf0a56a88763b401d3f814fa9f9542d7410dbd7e"},
    {file = "zope_interface-8.0.1-cp311-cp311-manylinux1_x86_64.manylinux2014_x86_64.manylinux_2_17_x86_64.manylinux_2_5_x86_64.whl", hash = "sha256:d2e7596149cb1acd1d4d41b9f8fe2ffc0e9e29e2e91d026311814181d0d9efaf"},
    {file = "zope_interface-8.0.1-cp311-cp311-manylinux2014_aarch64.manylinux_2_17_aarch64.whl", hash = "sha256:b2737c11c34fb9128816759864752d007ec4f987b571c934c30723ed881a7a4f"},
    {file = "zope_interface-8.0.1-cp311-cp311-win_amd64.whl", hash = "sha256:cf66e4bf731aa7e0ced855bb3670e8cda772f6515a475c6a107bad5cb6604103"},
    {file = "zope_interface-8.0.1.tar.gz", hash = "sha256:eba5610d042c3704a48222f7f7c6ab5b243ed26f917e2bc69379456b115e02d1"},
]
